<?xml version="1.0" encoding="utf-8"?>
<Project ToolsVersion="4.0" xmlns="http://schemas.microsoft.com/developer/msbuild/2003">
  <ItemGroup>
    <Filter Include="Source Files">
      <UniqueIdentifier>{4FC737F1-C7A5-4376-A066-2A32D752A2FF}</UniqueIdentifier>
      <Extensions>cpp;c;cc;cxx;def;odl;idl;hpj;bat;asm;asmx</Extensions>
    </Filter>
    <Filter Include="Header Files">
      <UniqueIdentifier>{93995380-89BD-4b04-88EB-625FBE52EBFB}</UniqueIdentifier>
      <Extensions>h;hh;hpp;hxx;hm;inl;inc;xsd</Extensions>
    </Filter>
    <Filter Include="Resource Files">
      <UniqueIdentifier>{67DA6AB6-F800-4c08-8B7A-83BB121AAD01}</UniqueIdentifier>
      <Extensions>rc;ico;cur;bmp;dlg;rc2;rct;bin;rgs;gif;jpg;jpeg;jpe;resx;tiff;tif;png;wav</Extensions>
    </Filter>
    <Filter Include="include">
      <UniqueIdentifier>{7f89e4ef-a07e-4c06-99e9-a27d75c09146}</UniqueIdentifier>
    </Filter>
  </ItemGroup>
  <ItemGroup>
    <ClInclude Include="at_windows.hpp">
      <Filter>Header Files</Filter>
    </ClInclude>
    <ClInclude Include="exec_windows.hpp">
      <Filter>Header Files</Filter>
    </ClInclude>
    <ClInclude Include="golang_compat.hpp">
      <Filter>Header Files</Filter>
    </ClInclude>
    <ClInclude Include="path_lite.hpp">
      <Filter>Header Files</Filter>
    </ClInclude>
    <ClInclude Include="path_windows_lite.hpp">
      <Filter>Header Files</Filter>
    </ClInclude>
    <ClInclude Include="root.hpp">
      <Filter>Header Files</Filter>
    </ClInclude>
    <ClInclude Include="stdafx.h">
      <Filter>Header Files</Filter>
    </ClInclude>
    <ClInclude Include="strings_lite.hpp">
      <Filter>Header Files</Filter>
    </ClInclude>
    <ClInclude Include="syscall_windows.hpp">
      <Filter>Header Files</Filter>
    </ClInclude>
    <ClInclude Include="types_windows.hpp">
      <Filter>Header Files</Filter>
    </ClInclude>
    <ClInclude Include="winrooted_internal.hpp">
      <Filter>Header Files</Filter>
    </ClInclude>
    <ClInclude Include="path_windows.hpp">
      <Filter>Header Files</Filter>
    </ClInclude>
    <ClInclude Include="root_windows.hpp">
      <Filter>Header Files</Filter>
    </ClInclude>
    <ClInclude Include="file_posix.hpp">
      <Filter>Header Files</Filter>
    </ClInclude>
    <ClInclude Include="file_windows.hpp">
      <Filter>Header Files</Filter>
    </ClInclude>
    <ClInclude Include="include\winrooted.h">
      <Filter>include</Filter>
    </ClInclude>
    <ClInclude Include="tempfile.hpp">
      <Filter>Header Files</Filter>
    </ClInclude>
  </ItemGroup>
  <ItemGroup>
    <ClCompile Include="at_windows.cpp">
      <Filter>Source Files</Filter>
    </ClCompile>
    <ClCompile Include="exec_windows.cpp">
      <Filter>Source Files</Filter>
    </ClCompile>
    <ClCompile Include="path_lite.cpp">
      <Filter>Source Files</Filter>
    </ClCompile>
    <ClCompile Include="path_windows_lite.cpp">
      <Filter>Source Files</Filter>
    </ClCompile>
    <ClCompile Include="pch.cpp">
      <Filter>Source Files</Filter>
    </ClCompile>
    <ClCompile Include="root_windows.cpp">
      <Filter>Source Files</Filter>
    </ClCompile>
    <ClCompile Include="strings_lite.cpp">
      <Filter>Source Files</Filter>
    </ClCompile>
    <ClCompile Include="syscall_windows.cpp">
      <Filter>Source Files</Filter>
    </ClCompile>
    <ClCompile Include="types_windows.cpp">
      <Filter>Source Files</Filter>
    </ClCompile>
    <ClCompile Include="path_windows.cpp">
      <Filter>Source Files</Filter>
    </ClCompile>
    <ClCompile Include="root.cpp">
      <Filter>Source Files</Filter>
    </ClCompile>
    <ClCompile Include="file_windows.cpp">
      <Filter>Source Files</Filter>
    </ClCompile>
    <ClCompile Include="abi.cpp">
      <Filter>Source Files</Filter>
    </ClCompile>
    <ClCompile Include="winrooted_internal.cpp">
      <Filter>Source Files</Filter>
    </ClCompile>
    <ClCompile Include="tempfile.cpp">
      <Filter>Source Files</Filter>
    </ClCompile>
  </ItemGroup>
  <ItemGroup>
    <None Include="packages.config" />
  </ItemGroup>
</Project>